
Microsoft Visual Studio Solution File, Format Version 12.00
# Visual Studio Version 16
VisualStudioVersion = 16.0.29001.49
MinimumVisualStudioVersion = 10.0.40219.1
Project("{9A19103F-16F7-4668-BE54-9A1E7A4F7556}") = "CosmosDBTableAPI", "CosmosDBTableAPI\CosmosDBTableAPI.csproj", "{10090F1D-2E59-4E57-B214-19076885AEAD}"
EndProject
Global
	GlobalSection(SolutionConfigurationPlatforms) = preSolution
		Debug|Any CPU = Debug|Any CPU
		Release|Any CPU = Release|Any CPU
	EndGlobalSection
	GlobalSection(ProjectConfigurationPlatforms) = postSolution
		{10090F1D-2E59-4E57-B214-19076885AEAD}.Debug|Any CPU.ActiveCfg = Debug|Any CPU
		{10090F1D-2E59-4E57-B214-19076885AEAD}.Debug|Any CPU.Build.0 = Debug|Any CPU
		{10090F1D-2E59-4E57-B214-19076885AEAD}.Release|Any CPU.ActiveCfg = Release|Any CPU
		{10090F1D-2E59-4E57-B214-19076885AEAD}.Release|Any CPU.Build.0 = Release|Any CPU
	EndGlobalSection
	GlobalSection(SolutionProperties) = preSolution
		HideSolutionNode = FALSE
	EndGlobalSection
	GlobalSection(ExtensibilityGlobals) = postSolution
		SolutionGuid = {5FE8D3AE-ACD3-41DE-85DB-D1DDBB4CEF52}
	EndGlobalSection
EndGlobal
